// !$*UTF8*$!
{
	archiveVersion = 1;
	classes = {
	};
	objectVersion = 46;
	objects = {

/* Begin PBXBuildFile section */
		320919BF119020AD00779B37 /* peak_job.h in Headers */ = {isa = PBXBuildFile; fileRef = 320919BD119020AD00779B37 /* peak_job.h */; settings = {ATTRIBUTES = (Public, ); }; };
		320919C0119020AD00779B37 /* peak_job.c in Sources */ = {isa = PBXBuildFile; fileRef = 320919BE119020AD00779B37 /* peak_job.c */; };
		321E22B9108CA41F0080BFE6 /* libUnitTest++.a in Frameworks */ = {isa = PBXBuildFile; fileRef = 321E22B8108CA41F0080BFE6 /* libUnitTest++.a */; };
		321E22C9108CA4BE0080BFE6 /* unit_tests_main.cpp in Sources */ = {isa = PBXBuildFile; fileRef = 321E22A5108CA2A40080BFE6 /* unit_tests_main.cpp */; };
		321E4387108DBD160080BFE6 /* peak_data_alignment_test.cpp in Sources */ = {isa = PBXBuildFile; fileRef = 321E4386108DBD160080BFE6 /* peak_data_alignment_test.cpp */; };
		326776E210A19A8900CC7576 /* pmem_test.cpp in Sources */ = {isa = PBXBuildFile; fileRef = 326776E110A19A8900CC7576 /* pmem_test.cpp */; };
		326776E610A19B5400CC7576 /* peak_stdint.cpp in Sources */ = {isa = PBXBuildFile; fileRef = 326776E510A19B5400CC7576 /* peak_stdint.cpp */; };
		326776EA10A19CD800CC7576 /* peak_mpmc_unbound_locked_fifo_queue_test.cpp in Sources */ = {isa = PBXBuildFile; fileRef = 326776E910A19CD800CC7576 /* peak_mpmc_unbound_locked_fifo_queue_test.cpp */; };
		32C1879510A0DB06001852EE /* experiment_test.cpp in Sources */ = {isa = PBXBuildFile; fileRef = 321E22A6108CA2A40080BFE6 /* experiment_test.cpp */; };
		32D38B51117C6F9800D03C80 /* peak.framework in Frameworks */ = {isa = PBXBuildFile; fileRef = 32D38B3E117C6C1900D03C80 /* peak.framework */; };
		32D38BA6117C8B5200D03C80 /* amp.framework in Frameworks */ = {isa = PBXBuildFile; fileRef = 32D38B57117C8ACD00D03C80 /* amp.framework */; };
		32D38BCA117C9D8600D03C80 /* pmem_generic.c in Sources */ = {isa = PBXBuildFile; fileRef = 32C1877A10A0CC6D001852EE /* pmem_generic.c */; };
		32D38BCB117C9D8600D03C80 /* pmem.h in Headers */ = {isa = PBXBuildFile; fileRef = 32C1877910A0CC6D001852EE /* pmem.h */; settings = {ATTRIBUTES = (Public, ); }; };
		32D38BCC117C9D8700D03C80 /* peak_stdint.h in Headers */ = {isa = PBXBuildFile; fileRef = 32C187BF10A0DD89001852EE /* peak_stdint.h */; settings = {ATTRIBUTES = (Public, ); }; };
		32D38BCD117C9D8700D03C80 /* peak_stddef.h in Headers */ = {isa = PBXBuildFile; fileRef = 32C1872C10A075DD001852EE /* peak_stddef.h */; settings = {ATTRIBUTES = (Public, ); }; };
		32D38BCE117C9D8800D03C80 /* peak_mpmc_unbound_locked_fifo_queue.h in Headers */ = {isa = PBXBuildFile; fileRef = 32C16620109DF7FF001852EE /* peak_mpmc_unbound_locked_fifo_queue.h */; settings = {ATTRIBUTES = (Public, ); }; };
		32D38BCF117C9D8900D03C80 /* peak_mpmc_unbound_locked_fifo_queue.c in Sources */ = {isa = PBXBuildFile; fileRef = 32C16621109DF7FF001852EE /* peak_mpmc_unbound_locked_fifo_queue.c */; };
		32D38BD0117C9D8900D03C80 /* peak_memory.h in Headers */ = {isa = PBXBuildFile; fileRef = 32C1872D10A08F54001852EE /* peak_memory.h */; settings = {ATTRIBUTES = (Public, ); }; };
		32D38BD1117C9D8A00D03C80 /* peak_memory.c in Sources */ = {isa = PBXBuildFile; fileRef = 32C1872E10A08F54001852EE /* peak_memory.c */; };
		32D38BD2117C9D8B00D03C80 /* peak_data_alignment.h in Headers */ = {isa = PBXBuildFile; fileRef = 32C1874F10A0991C001852EE /* peak_data_alignment.h */; settings = {ATTRIBUTES = (Public, ); }; };
		32D38BD3117C9D8B00D03C80 /* peak_data_alignment.c in Sources */ = {isa = PBXBuildFile; fileRef = 32C1875010A0991C001852EE /* peak_data_alignment.c */; };
		32D7834D1193011E005B5941 /* peak_workload_test.cpp in Sources */ = {isa = PBXBuildFile; fileRef = 32D7834C1193011E005B5941 /* peak_workload_test.cpp */; };
		32DE7671117F8A5B003CA916 /* amp.framework in Frameworks */ = {isa = PBXBuildFile; fileRef = 32D38B57117C8ACD00D03C80 /* amp.framework */; };
		32DE7683117F8A5F003CA916 /* kaizen.framework in Frameworks */ = {isa = PBXBuildFile; fileRef = 32D38B59117C8ACD00D03C80 /* kaizen.framework */; };
		32F273961181E9F6002CEA45 /* peak_dependency_test.cpp in Sources */ = {isa = PBXBuildFile; fileRef = 32F273951181E9F6002CEA45 /* peak_dependency_test.cpp */; };
		32F273991181EA05002CEA45 /* peak_dependency.h in Headers */ = {isa = PBXBuildFile; fileRef = 32F273971181EA05002CEA45 /* peak_dependency.h */; settings = {ATTRIBUTES = (Public, ); }; };
		32F2739A1181EA05002CEA45 /* peak_dependency.c in Sources */ = {isa = PBXBuildFile; fileRef = 32F273981181EA05002CEA45 /* peak_dependency.c */; };
		32F2739D1181EA9A002CEA45 /* peak_internal_dependency.h in Headers */ = {isa = PBXBuildFile; fileRef = 32F2739B1181EA9A002CEA45 /* peak_internal_dependency.h */; settings = {ATTRIBUTES = (Public, ); }; };
		32F2EDC9118C356500A0B9D7 /* peak_raw_dependency.h in Headers */ = {isa = PBXBuildFile; fileRef = 32F2EDC7118C356500A0B9D7 /* peak_raw_dependency.h */; settings = {ATTRIBUTES = (Public, ); }; };
		32F2EDF2118CC55500A0B9D7 /* peak_compute_funcs_test.cpp in Sources */ = {isa = PBXBuildFile; fileRef = 3224E8E510B2D5D10051F7D0 /* peak_compute_funcs_test.cpp */; };
/* End PBXBuildFile section */

/* Begin PBXContainerItemProxy section */
		328DEBDF117C588500F7A0C0 /* PBXContainerItemProxy */ = {
			isa = PBXContainerItemProxy;
			containerPortal = 328DEBBC117C586700F7A0C0 /* poc.xcodeproj */;
			proxyType = 2;
			remoteGlobalIDString = 32532AD00FA9B59F00197F39;
			remoteInfo = poc_diagnose_c;
		};
		328DEBE1117C588500F7A0C0 /* PBXContainerItemProxy */ = {
			isa = PBXContainerItemProxy;
			containerPortal = 328DEBBC117C586700F7A0C0 /* poc.xcodeproj */;
			proxyType = 2;
			remoteGlobalIDString = 325361A80FADBB3C00197F39;
			remoteInfo = poc_diagnose_c_gcc_ansi_c;
		};
		328DEBE3117C588500F7A0C0 /* PBXContainerItemProxy */ = {
			isa = PBXContainerItemProxy;
			containerPortal = 328DEBBC117C586700F7A0C0 /* poc.xcodeproj */;
			proxyType = 2;
			remoteGlobalIDString = 32532AD80FA9B5CF00197F39;
			remoteInfo = poc_diagnose_cpp;
		};
		328DEBE5117C588500F7A0C0 /* PBXContainerItemProxy */ = {
			isa = PBXContainerItemProxy;
			containerPortal = 328DEBBC117C586700F7A0C0 /* poc.xcodeproj */;
			proxyType = 2;
			remoteGlobalIDString = 32532B590FA9CDB600197F39;
			remoteInfo = poc_diagnose_objc;
		};
		328DEBE7117C588500F7A0C0 /* PBXContainerItemProxy */ = {
			isa = PBXContainerItemProxy;
			containerPortal = 328DEBBC117C586700F7A0C0 /* poc.xcodeproj */;
			proxyType = 2;
			remoteGlobalIDString = 328DCAB9117C50D200F7A0C0;
			remoteInfo = poc;
		};
		328DEBF3117C58A400F7A0C0 /* PBXContainerItemProxy */ = {
			isa = PBXContainerItemProxy;
			containerPortal = 32C18718109F5E78001852EE /* amp.xcodeproj */;
			proxyType = 2;
			remoteGlobalIDString = 32C186CF109F33FB001852EE;
			remoteInfo = amp_raw;
		};
		328DEBF5117C58A400F7A0C0 /* PBXContainerItemProxy */ = {
			isa = PBXContainerItemProxy;
			containerPortal = 32C18718109F5E78001852EE /* amp.xcodeproj */;
			proxyType = 2;
			remoteGlobalIDString = 325928BB1058759300D5379D;
			remoteInfo = amp_unit_tests;
		};
		328DEBF7117C58A400F7A0C0 /* PBXContainerItemProxy */ = {
			isa = PBXContainerItemProxy;
			containerPortal = 32C18718109F5E78001852EE /* amp.xcodeproj */;
			proxyType = 2;
			remoteGlobalIDString = 32C1883710A18D1D001852EE;
			remoteInfo = amp_static_library;
		};
		328DEBF9117C58A400F7A0C0 /* PBXContainerItemProxy */ = {
			isa = PBXContainerItemProxy;
			containerPortal = 32C18718109F5E78001852EE /* amp.xcodeproj */;
			proxyType = 2;
			remoteGlobalIDString = 32A4A16B113548DC00D29CD2;
			remoteInfo = amp_platform_check;
		};
		32D38B4E117C6F9100D03C80 /* PBXContainerItemProxy */ = {
			isa = PBXContainerItemProxy;
			containerPortal = 08FB7793FE84155DC02AAC07 /* Project object */;
			proxyType = 1;
			remoteGlobalIDString = 32D38B3D117C6C1900D03C80;
			remoteInfo = peak_framework;
		};
		32DE769A117F8AB5003CA916 /* PBXContainerItemProxy */ = {
			isa = PBXContainerItemProxy;
			containerPortal = 32DE7692117F8AB5003CA916 /* kaizen.xcodeproj */;
			proxyType = 2;
			remoteGlobalIDString = 8DC2EF5B0486A6940098B216;
			remoteInfo = kaizen;
		};
		32DE769C117F8AB5003CA916 /* PBXContainerItemProxy */ = {
			isa = PBXContainerItemProxy;
			containerPortal = 32DE7692117F8AB5003CA916 /* kaizen.xcodeproj */;
			proxyType = 2;
			remoteGlobalIDString = 32A6A7A0116E36FB00C528CA;
			remoteInfo = kaizen_unit_test;
		};
/* End PBXContainerItemProxy section */

/* Begin PBXFileReference section */
		320919BD119020AD00779B37 /* peak_job.h */ = {isa = PBXFileReference; fileEncoding = 4; lastKnownFileType = sourcecode.c.h; path = peak_job.h; sourceTree = "<group>"; };
		320919BE119020AD00779B37 /* peak_job.c */ = {isa = PBXFileReference; fileEncoding = 4; lastKnownFileType = sourcecode.c.c; path = peak_job.c; sourceTree = "<group>"; };
		321E229D108C9A450080BFE6 /* COPYRIGHT.txt */ = {isa = PBXFileReference; fileEncoding = 4; lastKnownFileType = text; name = COPYRIGHT.txt; path = ../../../COPYRIGHT.txt; sourceTree = SOURCE_ROOT; };
		321E229F108C9A450080BFE6 /* README.markdown */ = {isa = PBXFileReference; fileEncoding = 4; lastKnownFileType = text; name = README.markdown; path = ../../../README.markdown; sourceTree = SOURCE_ROOT; };
		321E22A5108CA2A40080BFE6 /* unit_tests_main.cpp */ = {isa = PBXFileReference; fileEncoding = 4; lastKnownFileType = sourcecode.cpp.cpp; path = unit_tests_main.cpp; sourceTree = "<group>"; };
		321E22A6108CA2A40080BFE6 /* experiment_test.cpp */ = {isa = PBXFileReference; fileEncoding = 4; lastKnownFileType = sourcecode.cpp.cpp; path = experiment_test.cpp; sourceTree = "<group>"; };
		321E22A7108CA2B30080BFE6 /* UnitTest++.xcconfig */ = {isa = PBXFileReference; fileEncoding = 4; lastKnownFileType = text.xcconfig; path = "UnitTest++.xcconfig"; sourceTree = "<group>"; };
		321E22A8108CA2B30080BFE6 /* compiler_warnings.xcconfig */ = {isa = PBXFileReference; fileEncoding = 4; lastKnownFileType = text.xcconfig; path = compiler_warnings.xcconfig; sourceTree = "<group>"; };
		321E22A9108CA2B30080BFE6 /* peak.xcconfig */ = {isa = PBXFileReference; fileEncoding = 4; lastKnownFileType = text.xcconfig; path = peak.xcconfig; sourceTree = "<group>"; };
		321E22AA108CA2B30080BFE6 /* peak_unit_test.xcconfig */ = {isa = PBXFileReference; fileEncoding = 4; lastKnownFileType = text.xcconfig; path = peak_unit_test.xcconfig; sourceTree = "<group>"; };
		321E22AE108CA34E0080BFE6 /* peak_unit_test */ = {isa = PBXFileReference; explicitFileType = "compiled.mach-o.executable"; includeInIndex = 0; path = peak_unit_test; sourceTree = BUILT_PRODUCTS_DIR; };
		321E22B8108CA41F0080BFE6 /* libUnitTest++.a */ = {isa = PBXFileReference; lastKnownFileType = archive.ar; path = "libUnitTest++.a"; sourceTree = UNITTESTCPP; };
		321E4386108DBD160080BFE6 /* peak_data_alignment_test.cpp */ = {isa = PBXFileReference; fileEncoding = 4; lastKnownFileType = sourcecode.cpp.cpp; path = peak_data_alignment_test.cpp; sourceTree = "<group>"; };
		321E440A108F49570080BFE6 /* error_and_exception_handling.txt */ = {isa = PBXFileReference; fileEncoding = 4; lastKnownFileType = text; path = error_and_exception_handling.txt; sourceTree = "<group>"; };
		3224E8E510B2D5D10051F7D0 /* peak_compute_funcs_test.cpp */ = {isa = PBXFileReference; fileEncoding = 4; lastKnownFileType = sourcecode.cpp.cpp; path = peak_compute_funcs_test.cpp; sourceTree = "<group>"; };
		326776E110A19A8900CC7576 /* pmem_test.cpp */ = {isa = PBXFileReference; fileEncoding = 4; lastKnownFileType = sourcecode.cpp.cpp; path = pmem_test.cpp; sourceTree = "<group>"; };
		326776E510A19B5400CC7576 /* peak_stdint.cpp */ = {isa = PBXFileReference; fileEncoding = 4; lastKnownFileType = sourcecode.cpp.cpp; path = peak_stdint.cpp; sourceTree = "<group>"; };
		326776E910A19CD800CC7576 /* peak_mpmc_unbound_locked_fifo_queue_test.cpp */ = {isa = PBXFileReference; fileEncoding = 4; lastKnownFileType = sourcecode.cpp.cpp; path = peak_mpmc_unbound_locked_fifo_queue_test.cpp; sourceTree = "<group>"; };
		328DEBBC117C586700F7A0C0 /* poc.xcodeproj */ = {isa = PBXFileReference; lastKnownFileType = "wrapper.pb-project"; name = poc.xcodeproj; path = build_env/xcode_3_2/poc/poc.xcodeproj; sourceTree = POC; };
		32C1661F109DF105001852EE /* concept_names.txt */ = {isa = PBXFileReference; fileEncoding = 4; lastKnownFileType = text; path = concept_names.txt; sourceTree = "<group>"; };
		32C16620109DF7FF001852EE /* peak_mpmc_unbound_locked_fifo_queue.h */ = {isa = PBXFileReference; fileEncoding = 4; lastKnownFileType = sourcecode.c.h; path = peak_mpmc_unbound_locked_fifo_queue.h; sourceTree = "<group>"; };
		32C16621109DF7FF001852EE /* peak_mpmc_unbound_locked_fifo_queue.c */ = {isa = PBXFileReference; fileEncoding = 4; lastKnownFileType = sourcecode.c.c; path = peak_mpmc_unbound_locked_fifo_queue.c; sourceTree = "<group>"; };
		32C18718109F5E78001852EE /* amp.xcodeproj */ = {isa = PBXFileReference; lastKnownFileType = "wrapper.pb-project"; name = amp.xcodeproj; path = build_env/xcode_3_2/amp/amp.xcodeproj; sourceTree = AMP; };
		32C18725109F5ED9001852EE /* amp.xcconfig */ = {isa = PBXFileReference; fileEncoding = 4; lastKnownFileType = text.xcconfig; path = amp.xcconfig; sourceTree = "<group>"; };
		32C1872C10A075DD001852EE /* peak_stddef.h */ = {isa = PBXFileReference; fileEncoding = 4; lastKnownFileType = sourcecode.c.h; path = peak_stddef.h; sourceTree = "<group>"; };
		32C1872D10A08F54001852EE /* peak_memory.h */ = {isa = PBXFileReference; fileEncoding = 4; lastKnownFileType = sourcecode.c.h; path = peak_memory.h; sourceTree = "<group>"; };
		32C1872E10A08F54001852EE /* peak_memory.c */ = {isa = PBXFileReference; fileEncoding = 4; lastKnownFileType = sourcecode.c.c; path = peak_memory.c; sourceTree = "<group>"; };
		32C1874F10A0991C001852EE /* peak_data_alignment.h */ = {isa = PBXFileReference; fileEncoding = 4; lastKnownFileType = sourcecode.c.h; path = peak_data_alignment.h; sourceTree = "<group>"; };
		32C1875010A0991C001852EE /* peak_data_alignment.c */ = {isa = PBXFileReference; fileEncoding = 4; lastKnownFileType = sourcecode.c.c; path = peak_data_alignment.c; sourceTree = "<group>"; };
		32C1877910A0CC6D001852EE /* pmem.h */ = {isa = PBXFileReference; fileEncoding = 4; lastKnownFileType = sourcecode.c.h; path = pmem.h; sourceTree = "<group>"; };
		32C1877A10A0CC6D001852EE /* pmem_generic.c */ = {isa = PBXFileReference; fileEncoding = 4; lastKnownFileType = sourcecode.c.c; path = pmem_generic.c; sourceTree = "<group>"; };
		32C1877C10A0CD72001852EE /* pmem_msvc.c */ = {isa = PBXFileReference; fileEncoding = 4; lastKnownFileType = sourcecode.c.c; path = pmem_msvc.c; sourceTree = "<group>"; };
		32C187BF10A0DD89001852EE /* peak_stdint.h */ = {isa = PBXFileReference; fileEncoding = 4; lastKnownFileType = sourcecode.c.h; path = peak_stdint.h; sourceTree = "<group>"; };
		32D38B3E117C6C1900D03C80 /* peak.framework */ = {isa = PBXFileReference; explicitFileType = wrapper.framework; includeInIndex = 0; path = peak.framework; sourceTree = BUILT_PRODUCTS_DIR; };
		32D38B3F117C6C1900D03C80 /* peak_framework-Info.plist */ = {isa = PBXFileReference; lastKnownFileType = text.plist.xml; path = "peak_framework-Info.plist"; sourceTree = "<group>"; };
		32D38B44117C6C4F00D03C80 /* peak_framework.xcconfig */ = {isa = PBXFileReference; fileEncoding = 4; lastKnownFileType = text.xcconfig; path = peak_framework.xcconfig; sourceTree = "<group>"; };
		32D38B57117C8ACD00D03C80 /* amp.framework */ = {isa = PBXFileReference; lastKnownFileType = wrapper.framework; path = amp.framework; sourceTree = BUILT_PRODUCTS_DIR; };
		32D38B59117C8ACD00D03C80 /* kaizen.framework */ = {isa = PBXFileReference; lastKnownFileType = wrapper.framework; path = kaizen.framework; sourceTree = BUILT_PRODUCTS_DIR; };
		32D38B5B117C8ACD00D03C80 /* poc.framework */ = {isa = PBXFileReference; lastKnownFileType = wrapper.framework; path = poc.framework; sourceTree = BUILT_PRODUCTS_DIR; };
		32D7834C1193011E005B5941 /* peak_workload_test.cpp */ = {isa = PBXFileReference; fileEncoding = 4; lastKnownFileType = sourcecode.cpp.cpp; path = peak_workload_test.cpp; sourceTree = "<group>"; };
		32DE7692117F8AB5003CA916 /* kaizen.xcodeproj */ = {isa = PBXFileReference; lastKnownFileType = "wrapper.pb-project"; name = kaizen.xcodeproj; path = ../../../../kaizen/build_env/xcode_3_2/kaizen/kaizen.xcodeproj; sourceTree = SOURCE_ROOT; };
		32DE76A0117F8AEA003CA916 /* kaizen.xcconfig */ = {isa = PBXFileReference; fileEncoding = 4; lastKnownFileType = text.xcconfig; path = kaizen.xcconfig; sourceTree = "<group>"; };
		32F273951181E9F6002CEA45 /* peak_dependency_test.cpp */ = {isa = PBXFileReference; fileEncoding = 4; lastKnownFileType = sourcecode.cpp.cpp; path = peak_dependency_test.cpp; sourceTree = "<group>"; };
		32F273971181EA05002CEA45 /* peak_dependency.h */ = {isa = PBXFileReference; fileEncoding = 4; lastKnownFileType = sourcecode.c.h; path = peak_dependency.h; sourceTree = "<group>"; };
		32F273981181EA05002CEA45 /* peak_dependency.c */ = {isa = PBXFileReference; fileEncoding = 4; lastKnownFileType = sourcecode.c.c; path = peak_dependency.c; sourceTree = "<group>"; };
		32F2739B1181EA9A002CEA45 /* peak_internal_dependency.h */ = {isa = PBXFileReference; fileEncoding = 4; lastKnownFileType = sourcecode.c.h; path = peak_internal_dependency.h; sourceTree = "<group>"; };
		32F2EDC7118C356500A0B9D7 /* peak_raw_dependency.h */ = {isa = PBXFileReference; fileEncoding = 4; lastKnownFileType = sourcecode.c.h; path = peak_raw_dependency.h; sourceTree = "<group>"; };
/* End PBXFileReference section */

/* Begin PBXFrameworksBuildPhase section */
		321E22AC108CA34E0080BFE6 /* Frameworks */ = {
			isa = PBXFrameworksBuildPhase;
			buildActionMask = 2147483647;
			files = (
				32DE7671117F8A5B003CA916 /* amp.framework in Frameworks */,
				32D38B51117C6F9800D03C80 /* peak.framework in Frameworks */,
				32DE7683117F8A5F003CA916 /* kaizen.framework in Frameworks */,
				321E22B9108CA41F0080BFE6 /* libUnitTest++.a in Frameworks */,
			);
			runOnlyForDeploymentPostprocessing = 0;
		};
		32D38B3C117C6C1900D03C80 /* Frameworks */ = {
			isa = PBXFrameworksBuildPhase;
			buildActionMask = 2147483647;
			files = (
				32D38BA6117C8B5200D03C80 /* amp.framework in Frameworks */,
			);
			runOnlyForDeploymentPostprocessing = 0;
		};
/* End PBXFrameworksBuildPhase section */

/* Begin PBXGroup section */
		08FB7794FE84155DC02AAC07 /* peak */ = {
			isa = PBXGroup;
			children = (
				32DE7692117F8AB5003CA916 /* kaizen.xcodeproj */,
				328DEBBC117C586700F7A0C0 /* poc.xcodeproj */,
				32C18718109F5E78001852EE /* amp.xcodeproj */,
				08FB7795FE84155DC02AAC07 /* Source */,
				C6A0FF2B0290797F04C91782 /* Documentation */,
				321E229B108C99E20080BFE6 /* External Frameworks and Libraries */,
				321E2298108C99D30080BFE6 /* Xcode Specific */,
				1AB674ADFE9D54B511CA2CBB /* Products */,
			);
			name = peak;
			sourceTree = "<group>";
		};
		08FB7795FE84155DC02AAC07 /* Source */ = {
			isa = PBXGroup;
			children = (
				321E22A0108C9A450080BFE6 /* src */,
				321E22A4108C9A450080BFE6 /* test */,
			);
			name = Source;
			sourceTree = "<group>";
		};
		1AB674ADFE9D54B511CA2CBB /* Products */ = {
			isa = PBXGroup;
			children = (
				321E22AE108CA34E0080BFE6 /* peak_unit_test */,
				32D38B3E117C6C1900D03C80 /* peak.framework */,
			);
			name = Products;
			sourceTree = "<group>";
		};
		321E2298108C99D30080BFE6 /* Xcode Specific */ = {
			isa = PBXGroup;
			children = (
				32D38B3F117C6C1900D03C80 /* peak_framework-Info.plist */,
				321E229C108C99FA0080BFE6 /* Configuration Settings */,
			);
			name = "Xcode Specific";
			sourceTree = "<group>";
		};
		321E229B108C99E20080BFE6 /* External Frameworks and Libraries */ = {
			isa = PBXGroup;
			children = (
				321E22B8108CA41F0080BFE6 /* libUnitTest++.a */,
				32D38B57117C8ACD00D03C80 /* amp.framework */,
				32D38B59117C8ACD00D03C80 /* kaizen.framework */,
				32D38B5B117C8ACD00D03C80 /* poc.framework */,
			);
			name = "External Frameworks and Libraries";
			sourceTree = "<group>";
		};
		321E229C108C99FA0080BFE6 /* Configuration Settings */ = {
			isa = PBXGroup;
			children = (
				321E22A7108CA2B30080BFE6 /* UnitTest++.xcconfig */,
				32DE76A0117F8AEA003CA916 /* kaizen.xcconfig */,
				32C18725109F5ED9001852EE /* amp.xcconfig */,
				321E22A8108CA2B30080BFE6 /* compiler_warnings.xcconfig */,
				321E22A9108CA2B30080BFE6 /* peak.xcconfig */,
				32D38B44117C6C4F00D03C80 /* peak_framework.xcconfig */,
				321E22AA108CA2B30080BFE6 /* peak_unit_test.xcconfig */,
			);
			name = "Configuration Settings";
			sourceTree = "<group>";
		};
		321E229E108C9A450080BFE6 /* doc */ = {
			isa = PBXGroup;
			children = (
				321E4409108F49570080BFE6 /* notes */,
			);
			name = doc;
			path = ../../../doc;
			sourceTree = SOURCE_ROOT;
		};
		321E22A0108C9A450080BFE6 /* src */ = {
			isa = PBXGroup;
			children = (
				321E22A1108C9A450080BFE6 /* c */,
			);
			name = src;
			path = ../../../src;
			sourceTree = SOURCE_ROOT;
		};
		321E22A1108C9A450080BFE6 /* c */ = {
			isa = PBXGroup;
			children = (
				321E22A2108C9A450080BFE6 /* peak */,
			);
			path = c;
			sourceTree = "<group>";
		};
		321E22A2108C9A450080BFE6 /* peak */ = {
			isa = PBXGroup;
			children = (
				32C1874F10A0991C001852EE /* peak_data_alignment.h */,
				32C1875010A0991C001852EE /* peak_data_alignment.c */,
				32C1872D10A08F54001852EE /* peak_memory.h */,
				32C1872E10A08F54001852EE /* peak_memory.c */,
				32C16620109DF7FF001852EE /* peak_mpmc_unbound_locked_fifo_queue.h */,
				32C16621109DF7FF001852EE /* peak_mpmc_unbound_locked_fifo_queue.c */,
				32C1872C10A075DD001852EE /* peak_stddef.h */,
				32C187BF10A0DD89001852EE /* peak_stdint.h */,
				32C1877910A0CC6D001852EE /* pmem.h */,
				32C1877A10A0CC6D001852EE /* pmem_generic.c */,
				32C1877C10A0CD72001852EE /* pmem_msvc.c */,
				32F273971181EA05002CEA45 /* peak_dependency.h */,
				32F2EDC7118C356500A0B9D7 /* peak_raw_dependency.h */,
				32F2739B1181EA9A002CEA45 /* peak_internal_dependency.h */,
				32F273981181EA05002CEA45 /* peak_dependency.c */,
				320919BD119020AD00779B37 /* peak_job.h */,
				320919BE119020AD00779B37 /* peak_job.c */,
			);
			path = peak;
			sourceTree = "<group>";
		};
		321E22A4108C9A450080BFE6 /* test */ = {
			isa = PBXGroup;
			children = (
				321E22A5108CA2A40080BFE6 /* unit_tests_main.cpp */,
				321E22A6108CA2A40080BFE6 /* experiment_test.cpp */,
				321E4386108DBD160080BFE6 /* peak_data_alignment_test.cpp */,
				326776E110A19A8900CC7576 /* pmem_test.cpp */,
				326776E510A19B5400CC7576 /* peak_stdint.cpp */,
				326776E910A19CD800CC7576 /* peak_mpmc_unbound_locked_fifo_queue_test.cpp */,
				32F273951181E9F6002CEA45 /* peak_dependency_test.cpp */,
				3224E8E510B2D5D10051F7D0 /* peak_compute_funcs_test.cpp */,
				32D7834C1193011E005B5941 /* peak_workload_test.cpp */,
			);
			name = test;
			path = ../../../test;
			sourceTree = SOURCE_ROOT;
		};
		321E4409108F49570080BFE6 /* notes */ = {
			isa = PBXGroup;
			children = (
				321E440A108F49570080BFE6 /* error_and_exception_handling.txt */,
				32C1661F109DF105001852EE /* concept_names.txt */,
			);
			path = notes;
			sourceTree = "<group>";
		};
		328DEBD6117C588500F7A0C0 /* Products */ = {
			isa = PBXGroup;
			children = (
				328DEBE0117C588500F7A0C0 /* poc_diagnose_c */,
				328DEBE2117C588500F7A0C0 /* poc_diagnose_c_gcc_ansi_c */,
				328DEBE4117C588500F7A0C0 /* poc_diagnose_cpp */,
				328DEBE6117C588500F7A0C0 /* poc_diagnose_objc */,
				328DEBE8117C588500F7A0C0 /* poc.framework */,
			);
			name = Products;
			sourceTree = "<group>";
		};
		328DEBEC117C58A400F7A0C0 /* Products */ = {
			isa = PBXGroup;
			children = (
				328DEBF4117C58A400F7A0C0 /* amp.framework */,
				328DEBF6117C58A400F7A0C0 /* amp_unit_tests */,
				328DEBF8117C58A400F7A0C0 /* libamp.a */,
				328DEBFA117C58A400F7A0C0 /* amp_platform_check */,
			);
			name = Products;
			sourceTree = "<group>";
		};
		32DE7693117F8AB5003CA916 /* Products */ = {
			isa = PBXGroup;
			children = (
				32DE769B117F8AB5003CA916 /* kaizen.framework */,
				32DE769D117F8AB5003CA916 /* kaizen_unit_test */,
			);
			name = Products;
			sourceTree = "<group>";
		};
		C6A0FF2B0290797F04C91782 /* Documentation */ = {
			isa = PBXGroup;
			children = (
				321E229D108C9A450080BFE6 /* COPYRIGHT.txt */,
				321E229F108C9A450080BFE6 /* README.markdown */,
				321E229E108C9A450080BFE6 /* doc */,
			);
			name = Documentation;
			sourceTree = "<group>";
		};
/* End PBXGroup section */

/* Begin PBXHeadersBuildPhase section */
		32D38B39117C6C1900D03C80 /* Headers */ = {
			isa = PBXHeadersBuildPhase;
			buildActionMask = 2147483647;
			files = (
				32D38BCB117C9D8600D03C80 /* pmem.h in Headers */,
				32D38BCC117C9D8700D03C80 /* peak_stdint.h in Headers */,
				32D38BCD117C9D8700D03C80 /* peak_stddef.h in Headers */,
				32D38BCE117C9D8800D03C80 /* peak_mpmc_unbound_locked_fifo_queue.h in Headers */,
				32D38BD0117C9D8900D03C80 /* peak_memory.h in Headers */,
				32D38BD2117C9D8B00D03C80 /* peak_data_alignment.h in Headers */,
				32F273991181EA05002CEA45 /* peak_dependency.h in Headers */,
				32F2739D1181EA9A002CEA45 /* peak_internal_dependency.h in Headers */,
				32F2EDC9118C356500A0B9D7 /* peak_raw_dependency.h in Headers */,
				320919BF119020AD00779B37 /* peak_job.h in Headers */,
			);
			runOnlyForDeploymentPostprocessing = 0;
		};
/* End PBXHeadersBuildPhase section */

/* Begin PBXNativeTarget section */
		321E22AD108CA34E0080BFE6 /* peak_unit_test */ = {
			isa = PBXNativeTarget;
			buildConfigurationList = 321E22B2108CA3830080BFE6 /* Build configuration list for PBXNativeTarget "peak_unit_test" */;
			buildPhases = (
				321E22AB108CA34E0080BFE6 /* Sources */,
				321E22AC108CA34E0080BFE6 /* Frameworks */,
			);
			buildRules = (
			);
			dependencies = (
				32D38B4F117C6F9100D03C80 /* PBXTargetDependency */,
			);
			name = peak_unit_test;
			productName = peak_unit_tests;
			productReference = 321E22AE108CA34E0080BFE6 /* peak_unit_test */;
			productType = "com.apple.product-type.tool";
		};
		32D38B3D117C6C1900D03C80 /* peak_framework */ = {
			isa = PBXNativeTarget;
			buildConfigurationList = 32D38B42117C6C1A00D03C80 /* Build configuration list for PBXNativeTarget "peak_framework" */;
			buildPhases = (
				32D38B39117C6C1900D03C80 /* Headers */,
				32D38B3A117C6C1900D03C80 /* Resources */,
				32D38B3B117C6C1900D03C80 /* Sources */,
				32D38B3C117C6C1900D03C80 /* Frameworks */,
			);
			buildRules = (
			);
			dependencies = (
			);
			name = peak_framework;
			productName = peak_framework;
			productReference = 32D38B3E117C6C1900D03C80 /* peak.framework */;
			productType = "com.apple.product-type.framework";
		};
/* End PBXNativeTarget section */

/* Begin PBXProject section */
		08FB7793FE84155DC02AAC07 /* Project object */ = {
			isa = PBXProject;
			buildConfigurationList = 1DEB91EF08733DB70010E9CD /* Build configuration list for PBXProject "peak" */;
			compatibilityVersion = "Xcode 3.2";
			hasScannedForEncodings = 1;
			mainGroup = 08FB7794FE84155DC02AAC07 /* peak */;
			projectDirPath = "";
			projectReferences = (
				{
					ProductGroup = 328DEBEC117C58A400F7A0C0 /* Products */;
					ProjectRef = 32C18718109F5E78001852EE /* amp.xcodeproj */;
				},
				{
					ProductGroup = 32DE7693117F8AB5003CA916 /* Products */;
					ProjectRef = 32DE7692117F8AB5003CA916 /* kaizen.xcodeproj */;
				},
				{
					ProductGroup = 328DEBD6117C588500F7A0C0 /* Products */;
					ProjectRef = 328DEBBC117C586700F7A0C0 /* poc.xcodeproj */;
				},
			);
			projectRoot = "";
			targets = (
				32D38B3D117C6C1900D03C80 /* peak_framework */,
				321E22AD108CA34E0080BFE6 /* peak_unit_test */,
			);
		};
/* End PBXProject section */

/* Begin PBXReferenceProxy section */
		328DEBE0117C588500F7A0C0 /* poc_diagnose_c */ = {
			isa = PBXReferenceProxy;
			fileType = "compiled.mach-o.executable";
			path = poc_diagnose_c;
			remoteRef = 328DEBDF117C588500F7A0C0 /* PBXContainerItemProxy */;
			sourceTree = BUILT_PRODUCTS_DIR;
		};
		328DEBE2117C588500F7A0C0 /* poc_diagnose_c_gcc_ansi_c */ = {
			isa = PBXReferenceProxy;
			fileType = "compiled.mach-o.executable";
			path = poc_diagnose_c_gcc_ansi_c;
			remoteRef = 328DEBE1117C588500F7A0C0 /* PBXContainerItemProxy */;
			sourceTree = BUILT_PRODUCTS_DIR;
		};
		328DEBE4117C588500F7A0C0 /* poc_diagnose_cpp */ = {
			isa = PBXReferenceProxy;
			fileType = "compiled.mach-o.executable";
			path = poc_diagnose_cpp;
			remoteRef = 328DEBE3117C588500F7A0C0 /* PBXContainerItemProxy */;
			sourceTree = BUILT_PRODUCTS_DIR;
		};
		328DEBE6117C588500F7A0C0 /* poc_diagnose_objc */ = {
			isa = PBXReferenceProxy;
			fileType = "compiled.mach-o.executable";
			path = poc_diagnose_objc;
			remoteRef = 328DEBE5117C588500F7A0C0 /* PBXContainerItemProxy */;
			sourceTree = BUILT_PRODUCTS_DIR;
		};
		328DEBE8117C588500F7A0C0 /* poc.framework */ = {
			isa = PBXReferenceProxy;
			fileType = wrapper.framework;
			path = poc.framework;
			remoteRef = 328DEBE7117C588500F7A0C0 /* PBXContainerItemProxy */;
			sourceTree = BUILT_PRODUCTS_DIR;
		};
		328DEBF4117C58A400F7A0C0 /* amp.framework */ = {
			isa = PBXReferenceProxy;
			fileType = wrapper.framework;
			path = amp.framework;
			remoteRef = 328DEBF3117C58A400F7A0C0 /* PBXContainerItemProxy */;
			sourceTree = BUILT_PRODUCTS_DIR;
		};
		328DEBF6117C58A400F7A0C0 /* amp_unit_tests */ = {
			isa = PBXReferenceProxy;
			fileType = "compiled.mach-o.executable";
			path = amp_unit_tests;
			remoteRef = 328DEBF5117C58A400F7A0C0 /* PBXContainerItemProxy */;
			sourceTree = BUILT_PRODUCTS_DIR;
		};
		328DEBF8117C58A400F7A0C0 /* libamp.a */ = {
			isa = PBXReferenceProxy;
			fileType = archive.ar;
			path = libamp.a;
			remoteRef = 328DEBF7117C58A400F7A0C0 /* PBXContainerItemProxy */;
			sourceTree = BUILT_PRODUCTS_DIR;
		};
		328DEBFA117C58A400F7A0C0 /* amp_platform_check */ = {
			isa = PBXReferenceProxy;
			fileType = "compiled.mach-o.executable";
			path = amp_platform_check;
			remoteRef = 328DEBF9117C58A400F7A0C0 /* PBXContainerItemProxy */;
			sourceTree = BUILT_PRODUCTS_DIR;
		};
		32DE769B117F8AB5003CA916 /* kaizen.framework */ = {
			isa = PBXReferenceProxy;
			fileType = wrapper.framework;
			path = kaizen.framework;
			remoteRef = 32DE769A117F8AB5003CA916 /* PBXContainerItemProxy */;
			sourceTree = BUILT_PRODUCTS_DIR;
		};
		32DE769D117F8AB5003CA916 /* kaizen_unit_test */ = {
			isa = PBXReferenceProxy;
			fileType = "compiled.mach-o.executable";
			path = kaizen_unit_test;
			remoteRef = 32DE769C117F8AB5003CA916 /* PBXContainerItemProxy */;
			sourceTree = BUILT_PRODUCTS_DIR;
		};
/* End PBXReferenceProxy section */

/* Begin PBXResourcesBuildPhase section */
		32D38B3A117C6C1900D03C80 /* Resources */ = {
			isa = PBXResourcesBuildPhase;
			buildActionMask = 2147483647;
			files = (
			);
			runOnlyForDeploymentPostprocessing = 0;
		};
/* End PBXResourcesBuildPhase section */

/* Begin PBXSourcesBuildPhase section */
		321E22AB108CA34E0080BFE6 /* Sources */ = {
			isa = PBXSourcesBuildPhase;
			buildActionMask = 2147483647;
			files = (
				321E22C9108CA4BE0080BFE6 /* unit_tests_main.cpp in Sources */,
				321E4387108DBD160080BFE6 /* peak_data_alignment_test.cpp in Sources */,
				32C1879510A0DB06001852EE /* experiment_test.cpp in Sources */,
				326776E210A19A8900CC7576 /* pmem_test.cpp in Sources */,
				326776E610A19B5400CC7576 /* peak_stdint.cpp in Sources */,
				326776EA10A19CD800CC7576 /* peak_mpmc_unbound_locked_fifo_queue_test.cpp in Sources */,
				32F273961181E9F6002CEA45 /* peak_dependency_test.cpp in Sources */,
				32F2EDF2118CC55500A0B9D7 /* peak_compute_funcs_test.cpp in Sources */,
				32D7834D1193011E005B5941 /* peak_workload_test.cpp in Sources */,
			);
			runOnlyForDeploymentPostprocessing = 0;
		};
		32D38B3B117C6C1900D03C80 /* Sources */ = {
			isa = PBXSourcesBuildPhase;
			buildActionMask = 2147483647;
			files = (
				32D38BCA117C9D8600D03C80 /* pmem_generic.c in Sources */,
				32D38BCF117C9D8900D03C80 /* peak_mpmc_unbound_locked_fifo_queue.c in Sources */,
				32D38BD1117C9D8A00D03C80 /* peak_memory.c in Sources */,
				32D38BD3117C9D8B00D03C80 /* peak_data_alignment.c in Sources */,
				32F2739A1181EA05002CEA45 /* peak_dependency.c in Sources */,
				320919C0119020AD00779B37 /* peak_job.c in Sources */,
			);
			runOnlyForDeploymentPostprocessing = 0;
		};
/* End PBXSourcesBuildPhase section */

/* Begin PBXTargetDependency section */
		32D38B4F117C6F9100D03C80 /* PBXTargetDependency */ = {
			isa = PBXTargetDependency;
			target = 32D38B3D117C6C1900D03C80 /* peak_framework */;
			targetProxy = 32D38B4E117C6F9100D03C80 /* PBXContainerItemProxy */;
		};
/* End PBXTargetDependency section */

/* Begin XCBuildConfiguration section */
		1DEB91F008733DB70010E9CD /* Debug */ = {
			isa = XCBuildConfiguration;
			baseConfigurationReference = 321E22A9108CA2B30080BFE6 /* peak.xcconfig */;
			buildSettings = {
				ARCHS = "$(ARCHS_STANDARD_32_64_BIT)";
				GCC_C_LANGUAGE_STANDARD = gnu99;
				GCC_OPTIMIZATION_LEVEL = 0;
				GCC_WARN_ABOUT_RETURN_TYPE = YES;
				GCC_WARN_UNUSED_VARIABLE = YES;
				ONLY_ACTIVE_ARCH = YES;
				PREBINDING = NO;
				SDKROOT = macosx10.6;
			};
			name = Debug;
		};
		1DEB91F108733DB70010E9CD /* Release */ = {
			isa = XCBuildConfiguration;
			baseConfigurationReference = 321E22A9108CA2B30080BFE6 /* peak.xcconfig */;
			buildSettings = {
				ARCHS = "$(ARCHS_STANDARD_32_64_BIT)";
				GCC_C_LANGUAGE_STANDARD = gnu99;
				GCC_WARN_ABOUT_RETURN_TYPE = YES;
				GCC_WARN_UNUSED_VARIABLE = YES;
				PREBINDING = NO;
				SDKROOT = macosx10.6;
			};
			name = Release;
		};
		321E22B0108CA3500080BFE6 /* Debug */ = {
			isa = XCBuildConfiguration;
			baseConfigurationReference = 321E22AA108CA2B30080BFE6 /* peak_unit_test.xcconfig */;
			buildSettings = {
				COPY_PHASE_STRIP = NO;
				GCC_DYNAMIC_NO_PIC = NO;
				GCC_ENABLE_FIX_AND_CONTINUE = YES;
				GCC_MODEL_TUNING = G5;
				GCC_OPTIMIZATION_LEVEL = 0;
				INSTALL_PATH = /usr/local/bin;
			};
			name = Debug;
		};
		321E22B1108CA3500080BFE6 /* Release */ = {
			isa = XCBuildConfiguration;
			baseConfigurationReference = 321E22AA108CA2B30080BFE6 /* peak_unit_test.xcconfig */;
			buildSettings = {
				COPY_PHASE_STRIP = YES;
				DEBUG_INFORMATION_FORMAT = "dwarf-with-dsym";
				GCC_ENABLE_FIX_AND_CONTINUE = NO;
				GCC_MODEL_TUNING = G5;
				INSTALL_PATH = /usr/local/bin;
				ZERO_LINK = NO;
			};
			name = Release;
		};
		32D38B40117C6C1A00D03C80 /* Debug */ = {
			isa = XCBuildConfiguration;
			baseConfigurationReference = 32D38B44117C6C4F00D03C80 /* peak_framework.xcconfig */;
			buildSettings = {
				COPY_PHASE_STRIP = NO;
				DYLIB_COMPATIBILITY_VERSION = 1;
				DYLIB_CURRENT_VERSION = 1;
				GCC_DYNAMIC_NO_PIC = NO;
				GCC_ENABLE_FIX_AND_CONTINUE = YES;
				GCC_MODEL_TUNING = G5;
				GCC_OPTIMIZATION_LEVEL = 0;
				PREBINDING = NO;
			};
			name = Debug;
		};
		32D38B41117C6C1A00D03C80 /* Release */ = {
			isa = XCBuildConfiguration;
			baseConfigurationReference = 32D38B44117C6C4F00D03C80 /* peak_framework.xcconfig */;
			buildSettings = {
				COPY_PHASE_STRIP = YES;
				DEBUG_INFORMATION_FORMAT = "dwarf-with-dsym";
				DYLIB_COMPATIBILITY_VERSION = 1;
				DYLIB_CURRENT_VERSION = 1;
				GCC_ENABLE_FIX_AND_CONTINUE = NO;
				GCC_MODEL_TUNING = G5;
				PREBINDING = NO;
				ZERO_LINK = NO;
			};
			name = Release;
		};
/* End XCBuildConfiguration section */

/* Begin XCConfigurationList section */
		1DEB91EF08733DB70010E9CD /* Build configuration list for PBXProject "peak" */ = {
			isa = XCConfigurationList;
			buildConfigurations = (
				1DEB91F008733DB70010E9CD /* Debug */,
				1DEB91F108733DB70010E9CD /* Release */,
			);
			defaultConfigurationIsVisible = 0;
			defaultConfigurationName = Release;
		};
		321E22B2108CA3830080BFE6 /* Build configuration list for PBXNativeTarget "peak_unit_test" */ = {
			isa = XCConfigurationList;
			buildConfigurations = (
				321E22B0108CA3500080BFE6 /* Debug */,
				321E22B1108CA3500080BFE6 /* Release */,
			);
			defaultConfigurationIsVisible = 0;
			defaultConfigurationName = Release;
		};
		32D38B42117C6C1A00D03C80 /* Build configuration list for PBXNativeTarget "peak_framework" */ = {
			isa = XCConfigurationList;
			buildConfigurations = (
				32D38B40117C6C1A00D03C80 /* Debug */,
				32D38B41117C6C1A00D03C80 /* Release */,
			);
			defaultConfigurationIsVisible = 0;
			defaultConfigurationName = Release;
		};
/* End XCConfigurationList section */
	};
	rootObject = 08FB7793FE84155DC02AAC07 /* Project object */;
}
